
Microsoft Visual Studio Solution File, Format Version 12.00
# Visual Studio Version 18
VisualStudioVersion = 18.3.11512.155
MinimumVisualStudioVersion = 10.0.40219.1
Project("{FAE04EC0-301F-11D3-BF4B-00C04F79EFBC}") = "WebApiAuthentication", "WebApiAuthentication\WebApiAuthentication.csproj", "{58722EC6-E62F-4DCD-BFA9-D037FCA41D94}"
EndProject
Project("{FAE04EC0-301F-11D3-BF4B-00C04F79EFBC}") = "BlazorWasmAuthentication", "BlazorWasmAuthentication\BlazorWasmAuthentication.csproj", "{F01311C5-D606-2911-4E48-5C8C462C4AAF}"
EndProject
Global
	GlobalSection(SolutionConfigurationPlatforms) = preSolution
		Debug|Any CPU = Debug|Any CPU
		Release|Any CPU = Release|Any CPU
	EndGlobalSection
	GlobalSection(ProjectConfigurationPlatforms) = postSolution
		{58722EC6-E62F-4DCD-BFA9-D037FCA41D94}.Debug|Any CPU.ActiveCfg = Debug|Any CPU
		{58722EC6-E62F-4DCD-BFA9-D037FCA41D94}.Debug|Any CPU.Build.0 = Debug|Any CPU
		{58722EC6-E62F-4DCD-BFA9-D037FCA41D94}.Release|Any CPU.ActiveCfg = Release|Any CPU
		{58722EC6-E62F-4DCD-BFA9-D037FCA41D94}.Release|Any CPU.Build.0 = Release|Any CPU
		{F01311C5-D606-2911-4E48-5C8C462C4AAF}.Debug|Any CPU.ActiveCfg = Debug|Any CPU
		{F01311C5-D606-2911-4E48-5C8C462C4AAF}.Debug|Any CPU.Build.0 = Debug|Any CPU
		{F01311C5-D606-2911-4E48-5C8C462C4AAF}.Release|Any CPU.ActiveCfg = Release|Any CPU
		{F01311C5-D606-2911-4E48-5C8C462C4AAF}.Release|Any CPU.Build.0 = Release|Any CPU
	EndGlobalSection
	GlobalSection(SolutionProperties) = preSolution
		HideSolutionNode = FALSE
	EndGlobalSection
	GlobalSection(ExtensibilityGlobals) = postSolution
		SolutionGuid = {B994C2B9-0679-4E8E-B3A9-60CB897412EA}
	EndGlobalSection
EndGlobal
